
Microsoft Visual Studio Solution File, Format Version 11.00
# Visual Studio 2010
Project("{FAE04EC0-301F-11D3-BF4B-00C04F79EFBC}") = "MySynch.Core", "MySynch.Core\MySynch.Core.csproj", "{EB0395B1-04DE-4402-AB45-4AE7693326A8}"
EndProject
Project("{FAE04EC0-301F-11D3-BF4B-00C04F79EFBC}") = "MySynch.Tests", "MySynch.Tests\MySynch.Tests.csproj", "{A4A79F41-DFE8-4878-8B81-E71EC2364A3E}"
EndProject
Project("{FAE04EC0-301F-11D3-BF4B-00C04F79EFBC}") = "MySynch.Contracts", "MySynch.Contracts\MySynch.Contracts.csproj", "{EE4C1C53-0F1E-40D1-ACAB-0BF493593424}"
EndProject
Project("{FAE04EC0-301F-11D3-BF4B-00C04F79EFBC}") = "MySynch.Monitor", "MySynch.Monitor\MySynch.Monitor.csproj", "{F8F55F65-CAA1-44C6-96AC-BB7E9A85DFD0}"
EndProject
Project("{2150E333-8FDC-42A3-9474-1A3956D46DE8}") = "Lib", "Lib", "{46E72DF2-DF4F-4E6D-9607-97D9F2347FCD}"
	ProjectSection(SolutionItems) = preProject
		Lib\log4net.dll = Lib\log4net.dll
		Lib\log4net.xml = Lib\log4net.xml
		Lib\Sciendo.Common.dll = Lib\Sciendo.Common.dll
		Lib\Sciendo.Common.pdb = Lib\Sciendo.Common.pdb
	EndProjectSection
EndProject
Project("{FAE04EC0-301F-11D3-BF4B-00C04F79EFBC}") = "MySynch.Publisher", "MySynch.Publisher\MySynch.Publisher.csproj", "{9723BCD3-C1ED-4DCF-A585-86D4CCF16BEA}"
EndProject
Project("{FAE04EC0-301F-11D3-BF4B-00C04F79EFBC}") = "MySynch.Subscriber", "MySynch.Subscriber\MySynch.Subscriber.csproj", "{8D80CB73-070E-4500-BE9D-6B3FCA18FD22}"
EndProject
Project("{930C7802-8A8C-48F9-8165-68863BCCD9DD}") = "MySynch.Services.Installer", "MySynch.Services.Installer\MySynch.Services.Installer.wixproj", "{36FE7C56-E471-422F-91ED-BE6FCA8BEF03}"
	ProjectSection(ProjectDependencies) = postProject
		{EE4C1C53-0F1E-40D1-ACAB-0BF493593424} = {EE4C1C53-0F1E-40D1-ACAB-0BF493593424}
		{F8F55F65-CAA1-44C6-96AC-BB7E9A85DFD0} = {F8F55F65-CAA1-44C6-96AC-BB7E9A85DFD0}
		{8D80CB73-070E-4500-BE9D-6B3FCA18FD22} = {8D80CB73-070E-4500-BE9D-6B3FCA18FD22}
		{EB0395B1-04DE-4402-AB45-4AE7693326A8} = {EB0395B1-04DE-4402-AB45-4AE7693326A8}
		{9723BCD3-C1ED-4DCF-A585-86D4CCF16BEA} = {9723BCD3-C1ED-4DCF-A585-86D4CCF16BEA}
	EndProjectSection
EndProject
Project("{FAE04EC0-301F-11D3-BF4B-00C04F79EFBC}") = "MySynch.Broker", "MySynch.Broker\MySynch.Broker.csproj", "{AE8A4304-EB54-4E35-9C08-F139E8A88064}"
EndProject
Project("{FAE04EC0-301F-11D3-BF4B-00C04F79EFBC}") = "MySynch.Proxies.Autogenerated", "MySynch.Proxies.Autogenerated\MySynch.Proxies.Autogenerated.csproj", "{F96E9F86-5888-4966-A26E-AD0CDFE9CF4B}"
EndProject
Global
	GlobalSection(SolutionConfigurationPlatforms) = preSolution
		Debug|Any CPU = Debug|Any CPU
		Debug|Mixed Platforms = Debug|Mixed Platforms
		Debug|x86 = Debug|x86
		Release|Any CPU = Release|Any CPU
		Release|Mixed Platforms = Release|Mixed Platforms
		Release|x86 = Release|x86
	EndGlobalSection
	GlobalSection(ProjectConfigurationPlatforms) = postSolution
		{EB0395B1-04DE-4402-AB45-4AE7693326A8}.Debug|Any CPU.ActiveCfg = Debug|Any CPU
		{EB0395B1-04DE-4402-AB45-4AE7693326A8}.Debug|Any CPU.Build.0 = Debug|Any CPU
		{EB0395B1-04DE-4402-AB45-4AE7693326A8}.Debug|Mixed Platforms.ActiveCfg = Debug|Any CPU
		{EB0395B1-04DE-4402-AB45-4AE7693326A8}.Debug|Mixed Platforms.Build.0 = Debug|Any CPU
		{EB0395B1-04DE-4402-AB45-4AE7693326A8}.Debug|x86.ActiveCfg = Debug|Any CPU
		{EB0395B1-04DE-4402-AB45-4AE7693326A8}.Release|Any CPU.ActiveCfg = Release|Any CPU
		{EB0395B1-04DE-4402-AB45-4AE7693326A8}.Release|Any CPU.Build.0 = Release|Any CPU
		{EB0395B1-04DE-4402-AB45-4AE7693326A8}.Release|Mixed Platforms.ActiveCfg = Release|Any CPU
		{EB0395B1-04DE-4402-AB45-4AE7693326A8}.Release|Mixed Platforms.Build.0 = Release|Any CPU
		{EB0395B1-04DE-4402-AB45-4AE7693326A8}.Release|x86.ActiveCfg = Release|Any CPU
		{A4A79F41-DFE8-4878-8B81-E71EC2364A3E}.Debug|Any CPU.ActiveCfg = Debug|Any CPU
		{A4A79F41-DFE8-4878-8B81-E71EC2364A3E}.Debug|Any CPU.Build.0 = Debug|Any CPU
		{A4A79F41-DFE8-4878-8B81-E71EC2364A3E}.Debug|Mixed Platforms.ActiveCfg = Debug|Any CPU
		{A4A79F41-DFE8-4878-8B81-E71EC2364A3E}.Debug|Mixed Platforms.Build.0 = Debug|Any CPU
		{A4A79F41-DFE8-4878-8B81-E71EC2364A3E}.Debug|x86.ActiveCfg = Debug|Any CPU
		{A4A79F41-DFE8-4878-8B81-E71EC2364A3E}.Release|Any CPU.ActiveCfg = Release|Any CPU
		{A4A79F41-DFE8-4878-8B81-E71EC2364A3E}.Release|Any CPU.Build.0 = Release|Any CPU
		{A4A79F41-DFE8-4878-8B81-E71EC2364A3E}.Release|Mixed Platforms.ActiveCfg = Release|Any CPU
		{A4A79F41-DFE8-4878-8B81-E71EC2364A3E}.Release|Mixed Platforms.Build.0 = Release|Any CPU
		{A4A79F41-DFE8-4878-8B81-E71EC2364A3E}.Release|x86.ActiveCfg = Release|Any CPU
		{EE4C1C53-0F1E-40D1-ACAB-0BF493593424}.Debug|Any CPU.ActiveCfg = Debug|Any CPU
		{EE4C1C53-0F1E-40D1-ACAB-0BF493593424}.Debug|Any CPU.Build.0 = Debug|Any CPU
		{EE4C1C53-0F1E-40D1-ACAB-0BF493593424}.Debug|Mixed Platforms.ActiveCfg = Debug|Any CPU
		{EE4C1C53-0F1E-40D1-ACAB-0BF493593424}.Debug|Mixed Platforms.Build.0 = Debug|Any CPU
		{EE4C1C53-0F1E-40D1-ACAB-0BF493593424}.Debug|x86.ActiveCfg = Debug|Any CPU
		{EE4C1C53-0F1E-40D1-ACAB-0BF493593424}.Release|Any CPU.ActiveCfg = Release|Any CPU
		{EE4C1C53-0F1E-40D1-ACAB-0BF493593424}.Release|Any CPU.Build.0 = Release|Any CPU
		{EE4C1C53-0F1E-40D1-ACAB-0BF493593424}.Release|Mixed Platforms.ActiveCfg = Release|Any CPU
		{EE4C1C53-0F1E-40D1-ACAB-0BF493593424}.Release|Mixed Platforms.Build.0 = Release|Any CPU
		{EE4C1C53-0F1E-40D1-ACAB-0BF493593424}.Release|x86.ActiveCfg = Release|Any CPU
		{F8F55F65-CAA1-44C6-96AC-BB7E9A85DFD0}.Debug|Any CPU.ActiveCfg = Debug|x86
		{F8F55F65-CAA1-44C6-96AC-BB7E9A85DFD0}.Debug|Mixed Platforms.ActiveCfg = Debug|x86
		{F8F55F65-CAA1-44C6-96AC-BB7E9A85DFD0}.Debug|Mixed Platforms.Build.0 = Debug|x86
		{F8F55F65-CAA1-44C6-96AC-BB7E9A85DFD0}.Debug|x86.ActiveCfg = Debug|x86
		{F8F55F65-CAA1-44C6-96AC-BB7E9A85DFD0}.Debug|x86.Build.0 = Debug|x86
		{F8F55F65-CAA1-44C6-96AC-BB7E9A85DFD0}.Release|Any CPU.ActiveCfg = Release|x86
		{F8F55F65-CAA1-44C6-96AC-BB7E9A85DFD0}.Release|Mixed Platforms.ActiveCfg = Release|x86
		{F8F55F65-CAA1-44C6-96AC-BB7E9A85DFD0}.Release|Mixed Platforms.Build.0 = Release|x86
		{F8F55F65-CAA1-44C6-96AC-BB7E9A85DFD0}.Release|x86.ActiveCfg = Release|x86
		{F8F55F65-CAA1-44C6-96AC-BB7E9A85DFD0}.Release|x86.Build.0 = Release|x86
		{9723BCD3-C1ED-4DCF-A585-86D4CCF16BEA}.Debug|Any CPU.ActiveCfg = Debug|x86
		{9723BCD3-C1ED-4DCF-A585-86D4CCF16BEA}.Debug|Mixed Platforms.ActiveCfg = Debug|Any CPU
		{9723BCD3-C1ED-4DCF-A585-86D4CCF16BEA}.Debug|Mixed Platforms.Build.0 = Debug|Any CPU
		{9723BCD3-C1ED-4DCF-A585-86D4CCF16BEA}.Debug|x86.ActiveCfg = Debug|x86
		{9723BCD3-C1ED-4DCF-A585-86D4CCF16BEA}.Debug|x86.Build.0 = Debug|x86
		{9723BCD3-C1ED-4DCF-A585-86D4CCF16BEA}.Release|Any CPU.ActiveCfg = Release|x86
		{9723BCD3-C1ED-4DCF-A585-86D4CCF16BEA}.Release|Mixed Platforms.ActiveCfg = Release|Any CPU
		{9723BCD3-C1ED-4DCF-A585-86D4CCF16BEA}.Release|Mixed Platforms.Build.0 = Release|Any CPU
		{9723BCD3-C1ED-4DCF-A585-86D4CCF16BEA}.Release|x86.ActiveCfg = Release|x86
		{9723BCD3-C1ED-4DCF-A585-86D4CCF16BEA}.Release|x86.Build.0 = Release|x86
		{8D80CB73-070E-4500-BE9D-6B3FCA18FD22}.Debug|Any CPU.ActiveCfg = Debug|x86
		{8D80CB73-070E-4500-BE9D-6B3FCA18FD22}.Debug|Mixed Platforms.ActiveCfg = Debug|Any CPU
		{8D80CB73-070E-4500-BE9D-6B3FCA18FD22}.Debug|Mixed Platforms.Build.0 = Debug|Any CPU
		{8D80CB73-070E-4500-BE9D-6B3FCA18FD22}.Debug|x86.ActiveCfg = Debug|x86
		{8D80CB73-070E-4500-BE9D-6B3FCA18FD22}.Debug|x86.Build.0 = Debug|x86
		{8D80CB73-070E-4500-BE9D-6B3FCA18FD22}.Release|Any CPU.ActiveCfg = Release|x86
		{8D80CB73-070E-4500-BE9D-6B3FCA18FD22}.Release|Mixed Platforms.ActiveCfg = Release|Any CPU
		{8D80CB73-070E-4500-BE9D-6B3FCA18FD22}.Release|Mixed Platforms.Build.0 = Release|Any CPU
		{8D80CB73-070E-4500-BE9D-6B3FCA18FD22}.Release|x86.ActiveCfg = Release|x86
		{8D80CB73-070E-4500-BE9D-6B3FCA18FD22}.Release|x86.Build.0 = Release|x86
		{36FE7C56-E471-422F-91ED-BE6FCA8BEF03}.Debug|Any CPU.ActiveCfg = Debug|x86
		{36FE7C56-E471-422F-91ED-BE6FCA8BEF03}.Debug|Mixed Platforms.ActiveCfg = Debug|x86
		{36FE7C56-E471-422F-91ED-BE6FCA8BEF03}.Debug|x86.ActiveCfg = Debug|x86
		{36FE7C56-E471-422F-91ED-BE6FCA8BEF03}.Debug|x86.Build.0 = Debug|x86
		{36FE7C56-E471-422F-91ED-BE6FCA8BEF03}.Release|Any CPU.ActiveCfg = Release|x86
		{36FE7C56-E471-422F-91ED-BE6FCA8BEF03}.Release|Mixed Platforms.ActiveCfg = Release|x86
		{36FE7C56-E471-422F-91ED-BE6FCA8BEF03}.Release|x86.ActiveCfg = Release|x86
		{36FE7C56-E471-422F-91ED-BE6FCA8BEF03}.Release|x86.Build.0 = Release|x86
		{AE8A4304-EB54-4E35-9C08-F139E8A88064}.Debug|Any CPU.ActiveCfg = Debug|x86
		{AE8A4304-EB54-4E35-9C08-F139E8A88064}.Debug|Mixed Platforms.ActiveCfg = Debug|x86
		{AE8A4304-EB54-4E35-9C08-F139E8A88064}.Debug|Mixed Platforms.Build.0 = Debug|x86
		{AE8A4304-EB54-4E35-9C08-F139E8A88064}.Debug|x86.ActiveCfg = Debug|x86
		{AE8A4304-EB54-4E35-9C08-F139E8A88064}.Debug|x86.Build.0 = Debug|x86
		{AE8A4304-EB54-4E35-9C08-F139E8A88064}.Release|Any CPU.ActiveCfg = Release|x86
		{AE8A4304-EB54-4E35-9C08-F139E8A88064}.Release|Mixed Platforms.ActiveCfg = Release|x86
		{AE8A4304-EB54-4E35-9C08-F139E8A88064}.Release|Mixed Platforms.Build.0 = Release|x86
		{AE8A4304-EB54-4E35-9C08-F139E8A88064}.Release|x86.ActiveCfg = Release|x86
		{AE8A4304-EB54-4E35-9C08-F139E8A88064}.Release|x86.Build.0 = Release|x86
		{F96E9F86-5888-4966-A26E-AD0CDFE9CF4B}.Debug|Any CPU.ActiveCfg = Debug|Any CPU
		{F96E9F86-5888-4966-A26E-AD0CDFE9CF4B}.Debug|Any CPU.Build.0 = Debug|Any CPU
		{F96E9F86-5888-4966-A26E-AD0CDFE9CF4B}.Debug|Mixed Platforms.ActiveCfg = Debug|Any CPU
		{F96E9F86-5888-4966-A26E-AD0CDFE9CF4B}.Debug|Mixed Platforms.Build.0 = Debug|Any CPU
		{F96E9F86-5888-4966-A26E-AD0CDFE9CF4B}.Debug|x86.ActiveCfg = Debug|Any CPU
		{F96E9F86-5888-4966-A26E-AD0CDFE9CF4B}.Release|Any CPU.ActiveCfg = Release|Any CPU
		{F96E9F86-5888-4966-A26E-AD0CDFE9CF4B}.Release|Any CPU.Build.0 = Release|Any CPU
		{F96E9F86-5888-4966-A26E-AD0CDFE9CF4B}.Release|Mixed Platforms.ActiveCfg = Release|Any CPU
		{F96E9F86-5888-4966-A26E-AD0CDFE9CF4B}.Release|Mixed Platforms.Build.0 = Release|Any CPU
		{F96E9F86-5888-4966-A26E-AD0CDFE9CF4B}.Release|x86.ActiveCfg = Release|Any CPU
	EndGlobalSection
	GlobalSection(SolutionProperties) = preSolution
		HideSolutionNode = FALSE
	EndGlobalSection
	GlobalSection(ExtensibilityGlobals) = postSolution
		BuildVersion_BuildVersioningStyle = None.None.None.None
		BuildVersion_UpdateFileVersion = False
		BuildVersion_UpdateAssemblyVersion = False
	EndGlobalSection
EndGlobal
